# This file is automatically @generated by Cargo.
# It is not intended for manual editing.
version = 4

[[package]]
name = "jemalloc"
version = "5.3.1"
source = "git+ssh://github.com/redislabsdev/rs-devcontainer?branch=build-cargo#e0a0275d74dd89b335849caab1b17b9005279c5b"

[[package]]
name = "redis"
version = "7.4.8"
dependencies = [
 "jemalloc",
 "sharding",
]

[[package]]
name = "sharding"
version = "7.8.4"
source = "git+ssh://github.com/redislabsdev/rs-devcontainer?branch=build-cargo#e0a0275d74dd89b335849caab1b17b9005279c5b"
